
Microsoft Visual Studio Solution File, Format Version 12.00
# Visual Studio 15
VisualStudioVersion = 15.0.26124.0
MinimumVisualStudioVersion = 15.0.26124.0
Project("{FAE04EC0-301F-11D3-BF4B-00C04F79EFBC}") = "Penguin.Reflection.Serialization.XML.Local", "Penguin.Reflection.Serialization.XML.Local.csproj", "{B295D4F4-62A5-48FA-9ED2-15FF0B737DCF}"
EndProject
Project("{FAE04EC0-301F-11D3-BF4B-00C04F79EFBC}") = "Penguin.Reflection.Extensions.Local", "..\Penguin.Reflection.Extensions\Penguin.Reflection.Extensions.Local.csproj", "{9254540E-88ED-4D77-9738-498645A26E2F}"
EndProject
Project("{FAE04EC0-301F-11D3-BF4B-00C04F79EFBC}") = "Penguin.Extensions.String.Local", "..\Penguin.Extensions.String\Penguin.Extensions.String.Local.csproj", "{119ED167-52B4-4263-80A2-D001445F9636}"
EndProject
Project("{FAE04EC0-301F-11D3-BF4B-00C04F79EFBC}") = "Penguin.Reflection.Abstractions.Local", "..\Penguin.Reflection.Abstractions\Penguin.Reflection.Abstractions.Local.csproj", "{B421EDD5-C8E0-447D-8E8E-2839370DF4C7}"
EndProject
Global
	GlobalSection(SolutionConfigurationPlatforms) = preSolution
		Debug|Any CPU = Debug|Any CPU
		Debug|x64 = Debug|x64
		Debug|x86 = Debug|x86
		Release|Any CPU = Release|Any CPU
		Release|x64 = Release|x64
		Release|x86 = Release|x86
	EndGlobalSection
	GlobalSection(SolutionProperties) = preSolution
		HideSolutionNode = FALSE
	EndGlobalSection
	GlobalSection(ProjectConfigurationPlatforms) = postSolution
		{B295D4F4-62A5-48FA-9ED2-15FF0B737DCF}.Debug|Any CPU.ActiveCfg = Debug|Any CPU
		{B295D4F4-62A5-48FA-9ED2-15FF0B737DCF}.Debug|Any CPU.Build.0 = Debug|Any CPU
		{B295D4F4-62A5-48FA-9ED2-15FF0B737DCF}.Debug|x64.ActiveCfg = Debug|Any CPU
		{B295D4F4-62A5-48FA-9ED2-15FF0B737DCF}.Debug|x64.Build.0 = Debug|Any CPU
		{B295D4F4-62A5-48FA-9ED2-15FF0B737DCF}.Debug|x86.ActiveCfg = Debug|Any CPU
		{B295D4F4-62A5-48FA-9ED2-15FF0B737DCF}.Debug|x86.Build.0 = Debug|Any CPU
		{B295D4F4-62A5-48FA-9ED2-15FF0B737DCF}.Release|Any CPU.ActiveCfg = Release|Any CPU
		{B295D4F4-62A5-48FA-9ED2-15FF0B737DCF}.Release|Any CPU.Build.0 = Release|Any CPU
		{B295D4F4-62A5-48FA-9ED2-15FF0B737DCF}.Release|x64.ActiveCfg = Release|Any CPU
		{B295D4F4-62A5-48FA-9ED2-15FF0B737DCF}.Release|x64.Build.0 = Release|Any CPU
		{B295D4F4-62A5-48FA-9ED2-15FF0B737DCF}.Release|x86.ActiveCfg = Release|Any CPU
		{B295D4F4-62A5-48FA-9ED2-15FF0B737DCF}.Release|x86.Build.0 = Release|Any CPU
		{9254540E-88ED-4D77-9738-498645A26E2F}.Debug|Any CPU.ActiveCfg = Debug|Any CPU
		{9254540E-88ED-4D77-9738-498645A26E2F}.Debug|Any CPU.Build.0 = Debug|Any CPU
		{9254540E-88ED-4D77-9738-498645A26E2F}.Debug|x64.ActiveCfg = Debug|Any CPU
		{9254540E-88ED-4D77-9738-498645A26E2F}.Debug|x64.Build.0 = Debug|Any CPU
		{9254540E-88ED-4D77-9738-498645A26E2F}.Debug|x86.ActiveCfg = Debug|Any CPU
		{9254540E-88ED-4D77-9738-498645A26E2F}.Debug|x86.Build.0 = Debug|Any CPU
		{9254540E-88ED-4D77-9738-498645A26E2F}.Release|Any CPU.ActiveCfg = Release|Any CPU
		{9254540E-88ED-4D77-9738-498645A26E2F}.Release|Any CPU.Build.0 = Release|Any CPU
		{9254540E-88ED-4D77-9738-498645A26E2F}.Release|x64.ActiveCfg = Release|Any CPU
		{9254540E-88ED-4D77-9738-498645A26E2F}.Release|x64.Build.0 = Release|Any CPU
		{9254540E-88ED-4D77-9738-498645A26E2F}.Release|x86.ActiveCfg = Release|Any CPU
		{9254540E-88ED-4D77-9738-498645A26E2F}.Release|x86.Build.0 = Release|Any CPU
		{119ED167-52B4-4263-80A2-D001445F9636}.Debug|Any CPU.ActiveCfg = Debug|Any CPU
		{119ED167-52B4-4263-80A2-D001445F9636}.Debug|Any CPU.Build.0 = Debug|Any CPU
		{119ED167-52B4-4263-80A2-D001445F9636}.Debug|x64.ActiveCfg = Debug|Any CPU
		{119ED167-52B4-4263-80A2-D001445F9636}.Debug|x64.Build.0 = Debug|Any CPU
		{119ED167-52B4-4263-80A2-D001445F9636}.Debug|x86.ActiveCfg = Debug|Any CPU
		{119ED167-52B4-4263-80A2-D001445F9636}.Debug|x86.Build.0 = Debug|Any CPU
		{119ED167-52B4-4263-80A2-D001445F9636}.Release|Any CPU.ActiveCfg = Release|Any CPU
		{119ED167-52B4-4263-80A2-D001445F9636}.Release|Any CPU.Build.0 = Release|Any CPU
		{119ED167-52B4-4263-80A2-D001445F9636}.Release|x64.ActiveCfg = Release|Any CPU
		{119ED167-52B4-4263-80A2-D001445F9636}.Release|x64.Build.0 = Release|Any CPU
		{119ED167-52B4-4263-80A2-D001445F9636}.Release|x86.ActiveCfg = Release|Any CPU
		{119ED167-52B4-4263-80A2-D001445F9636}.Release|x86.Build.0 = Release|Any CPU
		{B421EDD5-C8E0-447D-8E8E-2839370DF4C7}.Debug|Any CPU.ActiveCfg = Debug|Any CPU
		{B421EDD5-C8E0-447D-8E8E-2839370DF4C7}.Debug|Any CPU.Build.0 = Debug|Any CPU
		{B421EDD5-C8E0-447D-8E8E-2839370DF4C7}.Debug|x64.ActiveCfg = Debug|Any CPU
		{B421EDD5-C8E0-447D-8E8E-2839370DF4C7}.Debug|x64.Build.0 = Debug|Any CPU
		{B421EDD5-C8E0-447D-8E8E-2839370DF4C7}.Debug|x86.ActiveCfg = Debug|Any CPU
		{B421EDD5-C8E0-447D-8E8E-2839370DF4C7}.Debug|x86.Build.0 = Debug|Any CPU
		{B421EDD5-C8E0-447D-8E8E-2839370DF4C7}.Release|Any CPU.ActiveCfg = Release|Any CPU
		{B421EDD5-C8E0-447D-8E8E-2839370DF4C7}.Release|Any CPU.Build.0 = Release|Any CPU
		{B421EDD5-C8E0-447D-8E8E-2839370DF4C7}.Release|x64.ActiveCfg = Release|Any CPU
		{B421EDD5-C8E0-447D-8E8E-2839370DF4C7}.Release|x64.Build.0 = Release|Any CPU
		{B421EDD5-C8E0-447D-8E8E-2839370DF4C7}.Release|x86.ActiveCfg = Release|Any CPU
		{B421EDD5-C8E0-447D-8E8E-2839370DF4C7}.Release|x86.Build.0 = Release|Any CPU
	EndGlobalSection
EndGlobal
